
Microsoft Visual Studio Solution File, Format Version 12.00
# Visual Studio Version 17
VisualStudioVersion = 17.1.32228.430
MinimumVisualStudioVersion = 10.0.40219.1
Project("{FAE04EC0-301F-11D3-BF4B-00C04F79EFBC}") = "DataObject", "DataObject\DataObject.csproj", "{3E892628-5CD7-46C5-B16B-E04465F824EE}"
EndProject
Global
	GlobalSection(SolutionConfigurationPlatforms) = preSolution
		Debug|Any CPU = Debug|Any CPU
		Release|Any CPU = Release|Any CPU
	EndGlobalSection
	GlobalSection(ProjectConfigurationPlatforms) = postSolution
		{3E892628-5CD7-46C5-B16B-E04465F824EE}.Debug|Any CPU.ActiveCfg = Debug|Any CPU
		{3E892628-5CD7-46C5-B16B-E04465F824EE}.Debug|Any CPU.Build.0 = Debug|Any CPU
		{3E892628-5CD7-46C5-B16B-E04465F824EE}.Release|Any CPU.ActiveCfg = Release|Any CPU
		{3E892628-5CD7-46C5-B16B-E04465F824EE}.Release|Any CPU.Build.0 = Release|Any CPU
	EndGlobalSection
	GlobalSection(SolutionProperties) = preSolution
		HideSolutionNode = FALSE
	EndGlobalSection
	GlobalSection(ExtensibilityGlobals) = postSolution
		SolutionGuid = {C7680805-3448-46F5-BA17-0A82455590EC}
	EndGlobalSection
EndGlobal
